github.com/agl/ed25519 v0.0.0-20170116200512-5312a6153412 h1:w1UutsfOrms1J05zt7ISrnJIXKzwaspym5BTKGx93EI=
github.com/agl/ed25519 v0.0.0-20170116200512-5312a6153412/go.mod h1:WPjqKcmVOxf0XSf3YxCJs6N6AOSrOx3obionmG7T0y0=
github.com/agl/ed25519 v0.0.0-20200225211852-fd4d107ace12 h1:iPf1jQ8yKTms6k6L5vYSE7RZJpjEe5vLTOmzRZdpnKc=
